<?xml version="1.0" encoding="utf-8"?>
<Project ToolsVersion="4.0" xmlns="http://schemas.microsoft.com/developer/msbuild/2003">
  <ItemGroup>
    <Filter Include="源文件">
      <UniqueIdentifier>{4FC737F1-C7A5-4376-A066-2A32D752A2FF}</UniqueIdentifier>
      <Extensions>cpp;c;cc;cxx;c++;cppm;ixx;def;odl;idl;hpj;bat;asm;asmx</Extensions>
    </Filter>
    <Filter Include="头文件">
      <UniqueIdentifier>{93995380-89BD-4b04-88EB-625FBE52EBFB}</UniqueIdentifier>
      <Extensions>h;hh;hpp;hxx;h++;hm;inl;inc;ipp;xsd</Extensions>
    </Filter>
    <Filter Include="资源文件">
      <UniqueIdentifier>{67DA6AB6-F800-4c08-8B7A-83BB121AAD01}</UniqueIdentifier>
      <Extensions>rc;ico;cur;bmp;dlg;rc2;rct;bin;rgs;gif;jpg;jpeg;jpe;resx;tiff;tif;png;wav;mfcribbon-ms</Extensions>
    </Filter>
  </ItemGroup>
  <ItemGroup>
    <ClCompile Include="CPP\1-数组理论基础.cpp">
      <Filter>源文件</Filter>
    </ClCompile>
    <ClCompile Include="CPP\2-二分法查找.cpp">
      <Filter>源文件</Filter>
    </ClCompile>
    <ClCompile Include="CPP\3-移除元素.cpp">
      <Filter>源文件</Filter>
    </ClCompile>
    <ClCompile Include="CPP\4-有序数组的平方.cpp">
      <Filter>源文件</Filter>
    </ClCompile>
    <ClCompile Include="CPP\5-单链表.cpp">
      <Filter>源文件</Filter>
    </ClCompile>
    <ClCompile Include="CPP\5-单链表的基本操作.cpp">
      <Filter>源文件</Filter>
    </ClCompile>
    <ClCompile Include="CPP\8-栈的定义与基本实现.cpp">
      <Filter>源文件</Filter>
    </ClCompile>
    <ClCompile Include="CPP\9-C++栈的用法与实现.cpp">
      <Filter>源文件</Filter>
    </ClCompile>
    <ClCompile Include="CPP\9-静态链表删除指定元素.cpp">
      <Filter>源文件</Filter>
    </ClCompile>
    <ClCompile Include="CPP\10-1-顺序栈的存储结构及实现(创建栈底栈顶指针).cpp">
      <Filter>源文件</Filter>
    </ClCompile>
    <ClCompile Include="CPP\10-2-顺序栈的存储结构及实现(创建栈底指针、栈顶位置).cpp">
      <Filter>源文件</Filter>
    </ClCompile>
    <ClCompile Include="CPP\11-栈的链式存储结构与及实现.cpp">
      <Filter>源文件</Filter>
    </ClCompile>
    <ClCompile Include="CPP\12-递归运用与实现.cpp">
      <Filter>源文件</Filter>
    </ClCompile>
    <ClCompile Include="CPP\13-队列的顺序存储结构与实现.cpp">
      <Filter>源文件</Filter>
    </ClCompile>
    <ClCompile Include="CPP\14-队列的链式表示和实现.cpp">
      <Filter>源文件</Filter>
    </ClCompile>
    <ClCompile Include="CPP\15-串的链式存储结构与实现.cpp">
      <Filter>源文件</Filter>
    </ClCompile>
    <ClCompile Include="CPP\16-建立并遍历二叉树(各种方法)源.cpp">
      <Filter>源文件</Filter>
    </ClCompile>
    <ClCompile Include="CPP\16-树和二叉树的存储结构与实现.cpp">
      <Filter>源文件</Filter>
    </ClCompile>
    <ClCompile Include="CPP\17-线索二叉树的先序、中序、后序遍历.cpp">
      <Filter>源文件</Filter>
    </ClCompile>
    <ClCompile Include="CPP\18-树的存储结构-双亲表示法.cpp">
      <Filter>源文件</Filter>
    </ClCompile>
    <ClCompile Include="CPP\19-二叉树练习.cpp">
      <Filter>源文件</Filter>
    </ClCompile>
    <ClCompile Include="CPP\20-哈夫曼树构造算法的实现.cpp">
      <Filter>源文件</Filter>
    </ClCompile>
  </ItemGroup>
  <ItemGroup>
    <ClInclude Include="HEAD\9-C++栈的用法与实现.h">
      <Filter>头文件</Filter>
    </ClInclude>
  </ItemGroup>
</Project>